# Snapshot / git pins. EnTT + FlatBuffers versions are also overridden in vcpkg.json (manifest).
# nanobind: cloned into libs/ from Git (NANOBIND_REF); not installed via vcpkg to avoid python3 port chain.
ENTT_VERSION=3.13.2
ENTT_REF=v3.13.2
ENTT_HEADER_SHA256=31be51708c7325ecb7877182fa9ee68a20fb2121ce6bcd6c1687506f0fb1c8b5

FLATBUFFERS_VERSION=24.3.25
FLATBUFFERS_REF=c7a8102b127a83d2a641717fc4120a8d5be6f495
FLATBUFFERS_BASE_H_SHA256=e1b8984429daf528826052cbb9158d278c0c229491965b45e8c4e6f4190dd702

# Local snapshot is nanobind 2.7.1-dev1 (NB_VERSION_DEV=1).
# No v2.7.1 tag exists upstream; pin the nearest stable release tag.
NANOBIND_VERSION=2.7.0
NANOBIND_REF=v2.7.0
NANOBIND_HEADER_SHA256=03bfed4d2b80961cf11e1829e660e2b0073524675dc5a1ba63e38a38cc9816fd

IMGUI_REF=v1.92.4
IMGUI_VERSION_LABEL=1.92.4-WIP
IMGUI_HEADER_SHA256=29f31ba977b77d353c37a2abe19bb864006c09778cc1e97d7a6fb51285b86bfb
IMPLOT_VERSION=0.17
IMPLOT_REF=v0.17
IMPLOT_HEADER_SHA256=6b86a357080ab35d8b3276b15276fe0c9141a6b9c2723bfa24bd2deca76be80e
IMGUIZMO_VERSION_LABEL=1.91.3-WIP
IMGUIZMO_REF=master
IMGUIZMO_HEADER_SHA256=538d59be68fe25284e067f7f60f5a8e08b6599ca873b8a26b102de9bb1bb95ed

YLT_VERSION=0.3.7
YLT_VERSION_HEADER_SHA256=1d76b2b02074e848cbfbafdc9e7ca4af617087f23ccfae994c0b6deba8233108

NEAT_VERSION=1.2
NEAT_README_SHA256=50c70d8fb9182d10ecc66937e7989748354678ebd23d5a320aa55e3d33687301

LMDBXX_VERSION=unversioned-header
LMDBXX_HEADER_SHA256=73809998a2e1cd055e11d930c05fa1b723ec1528afb0598b725871cb46a36fd1

ROCKSDB_VERSION=9.10.0
ROCKSDB_ZIP_SHA256=24d345880daec2c76ecbdffa7b6b396dfe904d2d6839781fd93afb095659bc1f
